
Microsoft Visual Studio Solution File, Format Version 12.00
# Visual Studio Version 16
VisualStudioVersion = 16.0.31019.35
MinimumVisualStudioVersion = 10.0.40219.1
Project("{FAE04EC0-301F-11D3-BF4B-00C04F79EFBC}") = "posibilityCalculator", "temp\posibilityCalculator.csproj", "{91C8FC4B-F7B7-49E4-A4F6-4279273604F0}"
EndProject
Global
	GlobalSection(SolutionConfigurationPlatforms) = preSolution
		Debug|Any CPU = Debug|Any CPU
		Release|Any CPU = Release|Any CPU
	EndGlobalSection
	GlobalSection(ProjectConfigurationPlatforms) = postSolution
		{91C8FC4B-F7B7-49E4-A4F6-4279273604F0}.Debug|Any CPU.ActiveCfg = Debug|Any CPU
		{91C8FC4B-F7B7-49E4-A4F6-4279273604F0}.Debug|Any CPU.Build.0 = Debug|Any CPU
		{91C8FC4B-F7B7-49E4-A4F6-4279273604F0}.Release|Any CPU.ActiveCfg = Release|Any CPU
		{91C8FC4B-F7B7-49E4-A4F6-4279273604F0}.Release|Any CPU.Build.0 = Release|Any CPU
	EndGlobalSection
	GlobalSection(SolutionProperties) = preSolution
		HideSolutionNode = FALSE
	EndGlobalSection
	GlobalSection(ExtensibilityGlobals) = postSolution
		SolutionGuid = {717BA161-07E9-47D5-BDEA-CEC1B3826071}
	EndGlobalSection
EndGlobal
